
Microsoft Visual Studio Solution File, Format Version 12.00
# Visual Studio Version 17
VisualStudioVersion = 17.4.33110.190
MinimumVisualStudioVersion = 10.0.40219.1
Project("{FAE04EC0-301F-11D3-BF4B-00C04F79EFBC}") = "Teste", "Teste\Teste.csproj", "{61A4FF65-0918-47E3-85FD-7B1DDDAD4592}"
EndProject
Global
	GlobalSection(SolutionConfigurationPlatforms) = preSolution
		Debug|Any CPU = Debug|Any CPU
		Release|Any CPU = Release|Any CPU
	EndGlobalSection
	GlobalSection(ProjectConfigurationPlatforms) = postSolution
		{61A4FF65-0918-47E3-85FD-7B1DDDAD4592}.Debug|Any CPU.ActiveCfg = Debug|Any CPU
		{61A4FF65-0918-47E3-85FD-7B1DDDAD4592}.Debug|Any CPU.Build.0 = Debug|Any CPU
		{61A4FF65-0918-47E3-85FD-7B1DDDAD4592}.Release|Any CPU.ActiveCfg = Release|Any CPU
		{61A4FF65-0918-47E3-85FD-7B1DDDAD4592}.Release|Any CPU.Build.0 = Release|Any CPU
	EndGlobalSection
	GlobalSection(SolutionProperties) = preSolution
		HideSolutionNode = FALSE
	EndGlobalSection
	GlobalSection(ExtensibilityGlobals) = postSolution
		SolutionGuid = {309512C0-D461-4865-9098-97347918CCF3}
	EndGlobalSection
EndGlobal
